
Microsoft Visual Studio Solution File, Format Version 12.00
# Visual Studio Version 17
VisualStudioVersion = 17.3.32811.315
MinimumVisualStudioVersion = 10.0.40219.1
Project("{9A19103F-16F7-4668-BE54-9A1E7A4F7556}") = "Ada.Cep.Service", "Ada.Cep.Service\Ada.Cep.Service.csproj", "{CD73F969-C2C6-495A-AA63-25122E9EBC62}"
EndProject
Project("{9A19103F-16F7-4668-BE54-9A1E7A4F7556}") = "Ada.Cep.Domain", "Ada.Cep.Domain\Ada.Cep.Domain.csproj", "{F4F79427-728C-4D68-AE29-955068120550}"
EndProject
Project("{9A19103F-16F7-4668-BE54-9A1E7A4F7556}") = "Ada.Cep.UnitTests", "Ada.Cep.Unittests\Ada.Cep.UnitTests.csproj", "{EAFF14AD-FCD0-49B3-8D15-C73F23D82ACC}"
EndProject
Project("{FAE04EC0-301F-11D3-BF4B-00C04F79EFBC}") = "Ada.Cep.IntegrationTests", "Ada.Cep.IntegrationTests\Ada.Cep.IntegrationTests.csproj", "{7F667E52-F68F-41F2-BF61-42FABC6555E8}"
EndProject
Project("{FAE04EC0-301F-11D3-BF4B-00C04F79EFBC}") = "Ada.Cep.Api", "Ada.Cep.Api\Ada.Cep.Api.csproj", "{9347F2AF-C59A-4141-BCE8-5A34B5876C26}"
EndProject
Global
	GlobalSection(SolutionConfigurationPlatforms) = preSolution
		Debug|Any CPU = Debug|Any CPU
		Release|Any CPU = Release|Any CPU
	EndGlobalSection
	GlobalSection(ProjectConfigurationPlatforms) = postSolution
		{CD73F969-C2C6-495A-AA63-25122E9EBC62}.Debug|Any CPU.ActiveCfg = Debug|Any CPU
		{CD73F969-C2C6-495A-AA63-25122E9EBC62}.Debug|Any CPU.Build.0 = Debug|Any CPU
		{CD73F969-C2C6-495A-AA63-25122E9EBC62}.Release|Any CPU.ActiveCfg = Release|Any CPU
		{CD73F969-C2C6-495A-AA63-25122E9EBC62}.Release|Any CPU.Build.0 = Release|Any CPU
		{F4F79427-728C-4D68-AE29-955068120550}.Debug|Any CPU.ActiveCfg = Debug|Any CPU
		{F4F79427-728C-4D68-AE29-955068120550}.Debug|Any CPU.Build.0 = Debug|Any CPU
		{F4F79427-728C-4D68-AE29-955068120550}.Release|Any CPU.ActiveCfg = Release|Any CPU
		{F4F79427-728C-4D68-AE29-955068120550}.Release|Any CPU.Build.0 = Release|Any CPU
		{EAFF14AD-FCD0-49B3-8D15-C73F23D82ACC}.Debug|Any CPU.ActiveCfg = Debug|Any CPU
		{EAFF14AD-FCD0-49B3-8D15-C73F23D82ACC}.Debug|Any CPU.Build.0 = Debug|Any CPU
		{EAFF14AD-FCD0-49B3-8D15-C73F23D82ACC}.Release|Any CPU.ActiveCfg = Release|Any CPU
		{EAFF14AD-FCD0-49B3-8D15-C73F23D82ACC}.Release|Any CPU.Build.0 = Release|Any CPU
		{7F667E52-F68F-41F2-BF61-42FABC6555E8}.Debug|Any CPU.ActiveCfg = Debug|Any CPU
		{7F667E52-F68F-41F2-BF61-42FABC6555E8}.Debug|Any CPU.Build.0 = Debug|Any CPU
		{7F667E52-F68F-41F2-BF61-42FABC6555E8}.Release|Any CPU.ActiveCfg = Release|Any CPU
		{7F667E52-F68F-41F2-BF61-42FABC6555E8}.Release|Any CPU.Build.0 = Release|Any CPU
		{9347F2AF-C59A-4141-BCE8-5A34B5876C26}.Debug|Any CPU.ActiveCfg = Debug|Any CPU
		{9347F2AF-C59A-4141-BCE8-5A34B5876C26}.Debug|Any CPU.Build.0 = Debug|Any CPU
		{9347F2AF-C59A-4141-BCE8-5A34B5876C26}.Release|Any CPU.ActiveCfg = Release|Any CPU
		{9347F2AF-C59A-4141-BCE8-5A34B5876C26}.Release|Any CPU.Build.0 = Release|Any CPU
	EndGlobalSection
	GlobalSection(SolutionProperties) = preSolution
		HideSolutionNode = FALSE
	EndGlobalSection
	GlobalSection(ExtensibilityGlobals) = postSolution
		SolutionGuid = {B5CE73A1-2E4B-476A-ABF9-9EA942E9BA00}
	EndGlobalSection
EndGlobal
